
Microsoft Visual Studio Solution File, Format Version 12.00
# Visual Studio Version 17
VisualStudioVersion = 17.9.34607.119
MinimumVisualStudioVersion = 10.0.40219.1
Project("{9A19103F-16F7-4668-BE54-9A1E7A4F7556}") = "STS", "STS.csproj", "{62AB5990-B37F-46C4-B399-A9F3F898390F}"
EndProject
Global
	GlobalSection(SolutionConfigurationPlatforms) = preSolution
		Debug|Any CPU = Debug|Any CPU
		Release|Any CPU = Release|Any CPU
	EndGlobalSection
	GlobalSection(ProjectConfigurationPlatforms) = postSolution
		{62AB5990-B37F-46C4-B399-A9F3F898390F}.Debug|Any CPU.ActiveCfg = Debug|Any CPU
		{62AB5990-B37F-46C4-B399-A9F3F898390F}.Debug|Any CPU.Build.0 = Debug|Any CPU
		{62AB5990-B37F-46C4-B399-A9F3F898390F}.Release|Any CPU.ActiveCfg = Release|Any CPU
		{62AB5990-B37F-46C4-B399-A9F3F898390F}.Release|Any CPU.Build.0 = Release|Any CPU
	EndGlobalSection
	GlobalSection(SolutionProperties) = preSolution
		HideSolutionNode = FALSE
	EndGlobalSection
	GlobalSection(ExtensibilityGlobals) = postSolution
		SolutionGuid = {209C1EBD-3F33-4EC4-B8B1-4753BAEACCE0}
	EndGlobalSection
EndGlobal
